// !$*UTF8*$!
{
	archiveVersion = 1;
	classes = {
	};
	objectVersion = 46;
	objects = {

/* Begin PBXBuildFile section */
		AE44E7CC1BCE063D00AE144B /* avp.cpp in Sources */ = {isa = PBXBuildFile; fileRef = AE44E7CA1BCE063D00AE144B /* avp.cpp */; settings = {ASSET_TAGS = (); }; };
		AE6EB3561BCD72A700D6CB1D /* main.cpp in Sources */ = {isa = PBXBuildFile; fileRef = AE6EB3551BCD72A700D6CB1D /* main.cpp */; };
		AE7C78C41BCDF49C00F2E48E /* diameter.cpp in Sources */ = {isa = PBXBuildFile; fileRef = AE7C78C31BCDF49C00F2E48E /* diameter.cpp */; settings = {ASSET_TAGS = (); }; };
/* End PBXBuildFile section */

/* Begin PBXCopyFilesBuildPhase section */
		AE6EB3501BCD72A700D6CB1D /* CopyFiles */ = {
			isa = PBXCopyFilesBuildPhase;
			buildActionMask = 2147483647;
			dstPath = /usr/share/man/man1/;
			dstSubfolderSpec = 0;
			files = (
			);
			runOnlyForDeploymentPostprocessing = 1;
		};
/* End PBXCopyFilesBuildPhase section */

/* Begin PBXFileReference section */
		AE44E7CA1BCE063D00AE144B /* avp.cpp */ = {isa = PBXFileReference; fileEncoding = 4; lastKnownFileType = sourcecode.cpp.cpp; path = avp.cpp; sourceTree = "<group>"; };
		AE44E7CD1BCE067C00AE144B /* avp.h */ = {isa = PBXFileReference; lastKnownFileType = sourcecode.c.h; path = avp.h; sourceTree = "<group>"; };
		AE6EB3521BCD72A700D6CB1D /* diameter */ = {isa = PBXFileReference; explicitFileType = "compiled.mach-o.executable"; includeInIndex = 0; path = diameter; sourceTree = BUILT_PRODUCTS_DIR; };
		AE6EB3551BCD72A700D6CB1D /* main.cpp */ = {isa = PBXFileReference; lastKnownFileType = sourcecode.cpp.cpp; path = main.cpp; sourceTree = "<group>"; };
		AE7C78C21BCDF3E900F2E48E /* diameter.h */ = {isa = PBXFileReference; lastKnownFileType = sourcecode.c.h; path = diameter.h; sourceTree = "<group>"; };
		AE7C78C31BCDF49C00F2E48E /* diameter.cpp */ = {isa = PBXFileReference; fileEncoding = 4; lastKnownFileType = sourcecode.cpp.cpp; path = diameter.cpp; sourceTree = "<group>"; };
/* End PBXFileReference section */

/* Begin PBXFrameworksBuildPhase section */
		AE6EB34F1BCD72A700D6CB1D /* Frameworks */ = {
			isa = PBXFrameworksBuildPhase;
			buildActionMask = 2147483647;
			files = (
			);
			runOnlyForDeploymentPostprocessing = 0;
		};
/* End PBXFrameworksBuildPhase section */

/* Begin PBXGroup section */
		AE6EB3491BCD72A700D6CB1D = {
			isa = PBXGroup;
			children = (
				AE6EB3541BCD72A700D6CB1D /* diameter */,
				AE6EB3531BCD72A700D6CB1D /* Products */,
			);
			sourceTree = "<group>";
		};
		AE6EB3531BCD72A700D6CB1D /* Products */ = {
			isa = PBXGroup;
			children = (
				AE6EB3521BCD72A700D6CB1D /* diameter */,
			);
			name = Products;
			sourceTree = "<group>";
		};
		AE6EB3541BCD72A700D6CB1D /* diameter */ = {
			isa = PBXGroup;
			children = (
				AE6EB3551BCD72A700D6CB1D /* main.cpp */,
				AE7C78C21BCDF3E900F2E48E /* diameter.h */,
				AE7C78C31BCDF49C00F2E48E /* diameter.cpp */,
				AE44E7CA1BCE063D00AE144B /* avp.cpp */,
				AE44E7CD1BCE067C00AE144B /* avp.h */,
			);
			path = diameter;
			sourceTree = "<group>";
		};
/* End PBXGroup section */

/* Begin PBXNativeTarget section */
		AE6EB3511BCD72A700D6CB1D /* diameter */ = {
			isa = PBXNativeTarget;
			buildConfigurationList = AE6EB3591BCD72A700D6CB1D /* Build configuration list for PBXNativeTarget "diameter" */;
			buildPhases = (
				AE6EB34E1BCD72A700D6CB1D /* Sources */,
				AE6EB34F1BCD72A700D6CB1D /* Frameworks */,
				AE6EB3501BCD72A700D6CB1D /* CopyFiles */,
			);
			buildRules = (
			);
			dependencies = (
			);
			name = diameter;
			productName = diameter;
			productReference = AE6EB3521BCD72A700D6CB1D /* diameter */;
			productType = "com.apple.product-type.tool";
		};
/* End PBXNativeTarget section */

/* Begin PBXProject section */
		AE6EB34A1BCD72A700D6CB1D /* Project object */ = {
			isa = PBXProject;
			attributes = {
				LastUpgradeCheck = 0700;
				ORGANIZATIONNAME = hidayat;
				TargetAttributes = {
					AE6EB3511BCD72A700D6CB1D = {
						CreatedOnToolsVersion = 7.0;
					};
				};
			};
			buildConfigurationList = AE6EB34D1BCD72A700D6CB1D /* Build configuration list for PBXProject "diameter" */;
			compatibilityVersion = "Xcode 3.2";
			developmentRegion = English;
			hasScannedForEncodings = 0;
			knownRegions = (
				en,
			);
			mainGroup = AE6EB3491BCD72A700D6CB1D;
			productRefGroup = AE6EB3531BCD72A700D6CB1D /* Products */;
			projectDirPath = "";
			projectRoot = "";
			targets = (
				AE6EB3511BCD72A700D6CB1D /* diameter */,
			);
		};
/* End PBXProject section */

/* Begin PBXSourcesBuildPhase section */
		AE6EB34E1BCD72A700D6CB1D /* Sources */ = {
			isa = PBXSourcesBuildPhase;
			buildActionMask = 2147483647;
			files = (
				AE44E7CC1BCE063D00AE144B /* avp.cpp in Sources */,
				AE7C78C41BCDF49C00F2E48E /* diameter.cpp in Sources */,
				AE6EB3561BCD72A700D6CB1D /* main.cpp in Sources */,
			);
			runOnlyForDeploymentPostprocessing = 0;
		};
/* End PBXSourcesBuildPhase section */

/* Begin XCBuildConfiguration section */
		AE6EB3571BCD72A700D6CB1D /* Debug */ = {
			isa = XCBuildConfiguration;
			buildSettings = {
				ALWAYS_SEARCH_USER_PATHS = NO;
				CLANG_CXX_LANGUAGE_STANDARD = "gnu++0x";
				CLANG_CXX_LIBRARY = "libc++";
				CLANG_ENABLE_MODULES = YES;
				CLANG_ENABLE_OBJC_ARC = YES;
				CLANG_WARN_BOOL_CONVERSION = YES;
				CLANG_WARN_CONSTANT_CONVERSION = YES;
				CLANG_WARN_DIRECT_OBJC_ISA_USAGE = YES_ERROR;
				CLANG_WARN_EMPTY_BODY = YES;
				CLANG_WARN_ENUM_CONVERSION = YES;
				CLANG_WARN_INT_CONVERSION = YES;
				CLANG_WARN_OBJC_ROOT_CLASS = YES_ERROR;
				CLANG_WARN_UNREACHABLE_CODE = YES;
				CLANG_WARN__DUPLICATE_METHOD_MATCH = YES;
				COPY_PHASE_STRIP = NO;
				DEBUG_INFORMATION_FORMAT = dwarf;
				ENABLE_STRICT_OBJC_MSGSEND = YES;
				ENABLE_TESTABILITY = YES;
				GCC_C_LANGUAGE_STANDARD = gnu99;
				GCC_DYNAMIC_NO_PIC = NO;
				GCC_NO_COMMON_BLOCKS = YES;
				GCC_OPTIMIZATION_LEVEL = 0;
				GCC_PREPROCESSOR_DEFINITIONS = (
					"DEBUG=1",
					"$(inherited)",
				);
				GCC_WARN_64_TO_32_BIT_CONVERSION = YES;
				GCC_WARN_ABOUT_RETURN_TYPE = YES_ERROR;
				GCC_WARN_UNDECLARED_SELECTOR = YES;
				GCC_WARN_UNINITIALIZED_AUTOS = YES_AGGRESSIVE;
				GCC_WARN_UNUSED_FUNCTION = YES;
				GCC_WARN_UNUSED_VARIABLE = YES;
				MACOSX_DEPLOYMENT_TARGET = 10.11;
				MTL_ENABLE_DEBUG_INFO = YES;
				ONLY_ACTIVE_ARCH = YES;
				SDKROOT = macosx;
			};
			name = Debug;
		};
		AE6EB3581BCD72A700D6CB1D /* Release */ = {
			isa = XCBuildConfiguration;
			buildSettings = {
				ALWAYS_SEARCH_USER_PATHS = NO;
				CLANG_CXX_LANGUAGE_STANDARD = "gnu++0x";
				CLANG_CXX_LIBRARY = "libc++";
				CLANG_ENABLE_MODULES = YES;
				CLANG_ENABLE_OBJC_ARC = YES;
				CLANG_WARN_BOOL_CONVERSION = YES;
				CLANG_WARN_CONSTANT_CONVERSION = YES;
				CLANG_WARN_DIRECT_OBJC_ISA_USAGE = YES_ERROR;
				CLANG_WARN_EMPTY_BODY = YES;
				CLANG_WARN_ENUM_CONVERSION = YES;
				CLANG_WARN_INT_CONVERSION = YES;
				CLANG_WARN_OBJC_ROOT_CLASS = YES_ERROR;
				CLANG_WARN_UNREACHABLE_CODE = YES;
				CLANG_WARN__DUPLICATE_METHOD_MATCH = YES;
				COPY_PHASE_STRIP = NO;
				DEBUG_INFORMATION_FORMAT = "dwarf-with-dsym";
				ENABLE_NS_ASSERTIONS = NO;
				ENABLE_STRICT_OBJC_MSGSEND = YES;
				GCC_C_LANGUAGE_STANDARD = gnu99;
				GCC_NO_COMMON_BLOCKS = YES;
				GCC_WARN_64_TO_32_BIT_CONVERSION = YES;
				GCC_WARN_ABOUT_RETURN_TYPE = YES_ERROR;
				GCC_WARN_UNDECLARED_SELECTOR = YES;
				GCC_WARN_UNINITIALIZED_AUTOS = YES_AGGRESSIVE;
				GCC_WARN_UNUSED_FUNCTION = YES;
				GCC_WARN_UNUSED_VARIABLE = YES;
				MACOSX_DEPLOYMENT_TARGET = 10.11;
				MTL_ENABLE_DEBUG_INFO = NO;
				SDKROOT = macosx;
			};
			name = Release;
		};
		AE6EB35A1BCD72A700D6CB1D /* Debug */ = {
			isa = XCBuildConfiguration;
			buildSettings = {
				PRODUCT_NAME = "$(TARGET_NAME)";
			};
			name = Debug;
		};
		AE6EB35B1BCD72A700D6CB1D /* Release */ = {
			isa = XCBuildConfiguration;
			buildSettings = {
				PRODUCT_NAME = "$(TARGET_NAME)";
			};
			name = Release;
		};
/* End XCBuildConfiguration section */

/* Begin XCConfigurationList section */
		AE6EB34D1BCD72A700D6CB1D /* Build configuration list for PBXProject "diameter" */ = {
			isa = XCConfigurationList;
			buildConfigurations = (
				AE6EB3571BCD72A700D6CB1D /* Debug */,
				AE6EB3581BCD72A700D6CB1D /* Release */,
			);
			defaultConfigurationIsVisible = 0;
			defaultConfigurationName = Release;
		};
		AE6EB3591BCD72A700D6CB1D /* Build configuration list for PBXNativeTarget "diameter" */ = {
			isa = XCConfigurationList;
			buildConfigurations = (
				AE6EB35A1BCD72A700D6CB1D /* Debug */,
				AE6EB35B1BCD72A700D6CB1D /* Release */,
			);
			defaultConfigurationIsVisible = 0;
			defaultConfigurationName = Release;
		};
/* End XCConfigurationList section */
	};
	rootObject = AE6EB34A1BCD72A700D6CB1D /* Project object */;
}
